
Microsoft Visual Studio Solution File, Format Version 12.00
# Visual Studio 15
Project("{FAE04EC0-301F-11D3-BF4B-00C04F79EFBC}") = "UnityEngine.TestRunner", "UnityEngine.TestRunner.csproj", "{9B314FF3-947E-92B6-25E4-808EDA99B0F5}"
EndProject
Project("{FAE04EC0-301F-11D3-BF4B-00C04F79EFBC}") = "UnityEngine.UI", "UnityEngine.UI.csproj", "{143F5903-8F17-6AAF-A052-5009E27A8F58}"
EndProject
Project("{FAE04EC0-301F-11D3-BF4B-00C04F79EFBC}") = "Unity.VisualScripting.Flow", "Unity.VisualScripting.Flow.csproj", "{734B6476-3D5E-2A5A-E5FD-ABB62B183E4F}"
EndProject
Project("{FAE04EC0-301F-11D3-BF4B-00C04F79EFBC}") = "Unity.Mathematics", "Unity.Mathematics.csproj", "{6DE4598C-D083-2277-EBAC-15C933AC00F5}"
EndProject
Project("{FAE04EC0-301F-11D3-BF4B-00C04F79EFBC}") = "Unity.Services.Core.Telemetry", "Unity.Services.Core.Telemetry.csproj", "{8EA9246B-484E-562A-8834-7365A9C21408}"
EndProject
Project("{FAE04EC0-301F-11D3-BF4B-00C04F79EFBC}") = "Unity.VisualScripting.State", "Unity.VisualScripting.State.csproj", "{0222195F-3E60-C21A-9F9E-12916FF77A95}"
EndProject
Project("{FAE04EC0-301F-11D3-BF4B-00C04F79EFBC}") = "Unity.VisualScripting.Core", "Unity.VisualScripting.Core.csproj", "{C99F4F6C-AED3-C440-4852-7CBA8510BC1B}"
EndProject
Project("{FAE04EC0-301F-11D3-BF4B-00C04F79EFBC}") = "Unity.Services.Core.Environments.Internal", "Unity.Services.Core.Environments.Internal.csproj", "{4CFD6F0D-38F9-53B6-D12A-9439651560ED}"
EndProject
Project("{FAE04EC0-301F-11D3-BF4B-00C04F79EFBC}") = "Unity.Burst", "Unity.Burst.csproj", "{9263B187-B85D-D773-41DD-8D08BDA95D13}"
EndProject
Project("{FAE04EC0-301F-11D3-BF4B-00C04F79EFBC}") = "Unity.2D.Animation.Runtime", "Unity.2D.Animation.Runtime.csproj", "{25D6044B-E0DA-0FF3-FEB0-DE88210BA565}"
EndProject
Project("{FAE04EC0-301F-11D3-BF4B-00C04F79EFBC}") = "Unity.TextMeshPro", "Unity.TextMeshPro.csproj", "{4043BD5E-40D9-2C2E-92D3-8A5C99B33EAF}"
EndProject
Project("{FAE04EC0-301F-11D3-BF4B-00C04F79EFBC}") = "Assembly-CSharp", "Assembly-CSharp.csproj", "{B639A771-5EC6-0294-1B02-3424E63080E1}"
EndProject
Project("{FAE04EC0-301F-11D3-BF4B-00C04F79EFBC}") = "Cinemachine", "Cinemachine.csproj", "{F631FCDB-2EB1-F3A5-74D8-A55290DA7876}"
EndProject
Project("{FAE04EC0-301F-11D3-BF4B-00C04F79EFBC}") = "Unity.Timeline", "Unity.Timeline.csproj", "{3B0A7028-0E0C-B6BF-8E2C-CAF8B829FB9D}"
EndProject
Project("{FAE04EC0-301F-11D3-BF4B-00C04F79EFBC}") = "Unity.Services.Core", "Unity.Services.Core.csproj", "{85DEA4AD-95E1-0163-7BD3-F7EB0A4618DD}"
EndProject
Project("{FAE04EC0-301F-11D3-BF4B-00C04F79EFBC}") = "Unity.Services.Core.Environments", "Unity.Services.Core.Environments.csproj", "{50232D64-DE31-B4FA-4BEA-B94DC6D009F0}"
EndProject
Project("{FAE04EC0-301F-11D3-BF4B-00C04F79EFBC}") = "Unity.Services.Core.Internal", "Unity.Services.Core.Internal.csproj", "{0AE0DA5A-EC2D-28FF-9758-73CCCACD9487}"
EndProject
Project("{FAE04EC0-301F-11D3-BF4B-00C04F79EFBC}") = "Unity.Services.Core.Analytics", "Unity.Services.Core.Analytics.csproj", "{3F415C9D-6686-2564-7A53-F31006354DC7}"
EndProject
Project("{FAE04EC0-301F-11D3-BF4B-00C04F79EFBC}") = "Unity.2D.SpriteShape.Runtime", "Unity.2D.SpriteShape.Runtime.csproj", "{5A610F5C-BAD7-8727-AB10-CB0316DF7C22}"
EndProject
Project("{FAE04EC0-301F-11D3-BF4B-00C04F79EFBC}") = "Unity.Services.Core.Scheduler", "Unity.Services.Core.Scheduler.csproj", "{05C3B590-47A0-A8A1-6ABD-5BC3AE923A6D}"
EndProject
Project("{FAE04EC0-301F-11D3-BF4B-00C04F79EFBC}") = "Unity.Services.Core.Registration", "Unity.Services.Core.Registration.csproj", "{C0A0BDFA-E169-B8C3-80CA-AAA15C3FC42E}"
EndProject
Project("{FAE04EC0-301F-11D3-BF4B-00C04F79EFBC}") = "Unity.2D.PixelPerfect", "Unity.2D.PixelPerfect.csproj", "{6D6DB268-E3FC-2F13-AD34-6E918A933BB6}"
EndProject
Project("{FAE04EC0-301F-11D3-BF4B-00C04F79EFBC}") = "Unity.2D.Common.Runtime", "Unity.2D.Common.Runtime.csproj", "{4A51B5ED-F612-1BEE-EC49-80B0715C9CE5}"
EndProject
Project("{FAE04EC0-301F-11D3-BF4B-00C04F79EFBC}") = "Unity.2D.IK.Runtime", "Unity.2D.IK.Runtime.csproj", "{A951F6ED-ED39-6DE2-F0C9-9877CFCBFEBC}"
EndProject
Project("{FAE04EC0-301F-11D3-BF4B-00C04F79EFBC}") = "Unity.Services.Core.Device", "Unity.Services.Core.Device.csproj", "{725AF3C9-AD95-FF8B-D8B9-A329A99A8ACC}"
EndProject
Project("{FAE04EC0-301F-11D3-BF4B-00C04F79EFBC}") = "Unity.Services.Core.Threading", "Unity.Services.Core.Threading.csproj", "{433E33E9-6E5B-DB56-27BE-3643983693BB}"
EndProject
Project("{FAE04EC0-301F-11D3-BF4B-00C04F79EFBC}") = "Unity.2D.Tilemap.Extras", "Unity.2D.Tilemap.Extras.csproj", "{30A1D467-7232-9F09-7A42-22E8ABB8DFCF}"
EndProject
Project("{FAE04EC0-301F-11D3-BF4B-00C04F79EFBC}") = "Unity.Services.Core.Networking", "Unity.Services.Core.Networking.csproj", "{837E8D40-8369-47C2-C834-B5B73D6C9F40}"
EndProject
Project("{FAE04EC0-301F-11D3-BF4B-00C04F79EFBC}") = "Unity.InternalAPIEngineBridge.001", "Unity.InternalAPIEngineBridge.001.csproj", "{CD41A6D2-6DBA-FE7F-E14F-B727AFBC6B9B}"
EndProject
Project("{FAE04EC0-301F-11D3-BF4B-00C04F79EFBC}") = "Unity.Services.Core.Configuration", "Unity.Services.Core.Configuration.csproj", "{E230070F-E116-5934-8191-3F6355353ABC}"
EndProject
Project("{FAE04EC0-301F-11D3-BF4B-00C04F79EFBC}") = "Unity.PlasticSCM.Editor", "Unity.PlasticSCM.Editor.csproj", "{46CF13B3-202C-C168-34EA-FAD6FB3D6769}"
EndProject
Project("{FAE04EC0-301F-11D3-BF4B-00C04F79EFBC}") = "Unity.VisualScripting.Core.Editor", "Unity.VisualScripting.Core.Editor.csproj", "{1284B23F-B5A2-CAE1-94E0-B0508FCE1E80}"
EndProject
Project("{FAE04EC0-301F-11D3-BF4B-00C04F79EFBC}") = "Unity.VisualScripting.Flow.Editor", "Unity.VisualScripting.Flow.Editor.csproj", "{EB05C28C-2AA1-D563-6B7D-0450900C3895}"
EndProject
Project("{FAE04EC0-301F-11D3-BF4B-00C04F79EFBC}") = "Unity.VisualStudio.Editor", "Unity.VisualStudio.Editor.csproj", "{887C206E-018C-9A98-A203-A9CCF577FFDC}"
EndProject
Project("{FAE04EC0-301F-11D3-BF4B-00C04F79EFBC}") = "Unity.Timeline.Editor", "Unity.Timeline.Editor.csproj", "{85B011D1-7714-8BDA-2981-4ACC28B7E3D7}"
EndProject
Project("{FAE04EC0-301F-11D3-BF4B-00C04F79EFBC}") = "com.unity.cinemachine.editor", "com.unity.cinemachine.editor.csproj", "{75F0507C-CEA5-3009-7695-44EF1C5304D3}"
EndProject
Project("{FAE04EC0-301F-11D3-BF4B-00C04F79EFBC}") = "Unity.VisualScripting.State.Editor", "Unity.VisualScripting.State.Editor.csproj", "{49328356-8D90-76A4-CE96-9292ED8F82E6}"
EndProject
Project("{FAE04EC0-301F-11D3-BF4B-00C04F79EFBC}") = "Unity.TextMeshPro.Editor", "Unity.TextMeshPro.Editor.csproj", "{7322105B-FD54-6097-0E57-C44103879F5F}"
EndProject
Project("{FAE04EC0-301F-11D3-BF4B-00C04F79EFBC}") = "Unity.2D.PixelPerfect.Editor", "Unity.2D.PixelPerfect.Editor.csproj", "{5A79D167-B491-490B-95BA-BF5B3332F2DD}"
EndProject
Project("{FAE04EC0-301F-11D3-BF4B-00C04F79EFBC}") = "Unity.2D.Animation.Editor", "Unity.2D.Animation.Editor.csproj", "{F42DE449-E4D0-46A6-6154-FE799ECD9592}"
EndProject
Project("{FAE04EC0-301F-11D3-BF4B-00C04F79EFBC}") = "Unity.VisualScripting.SettingsProvider.Editor", "Unity.VisualScripting.SettingsProvider.Editor.csproj", "{CA35DA87-8D10-9AB3-8D0D-ED47936280F1}"
EndProject
Project("{FAE04EC0-301F-11D3-BF4B-00C04F79EFBC}") = "Unity.CollabProxy.Editor", "Unity.CollabProxy.Editor.csproj", "{CB35F0DC-3B77-B63F-23B5-C190A0173C07}"
EndProject
Project("{FAE04EC0-301F-11D3-BF4B-00C04F79EFBC}") = "UnityEditor.TestRunner", "UnityEditor.TestRunner.csproj", "{FD73DEDD-B489-25DF-906E-92C768DED886}"
EndProject
Project("{FAE04EC0-301F-11D3-BF4B-00C04F79EFBC}") = "Unity.2D.Tilemap.Editor", "Unity.2D.Tilemap.Editor.csproj", "{021E7F06-F90F-DC01-EE71-BB50DDA48220}"
EndProject
Project("{FAE04EC0-301F-11D3-BF4B-00C04F79EFBC}") = "Unity.Services.Core.Editor", "Unity.Services.Core.Editor.csproj", "{EEBDBD46-28EC-3F63-7662-CDBE24E463C7}"
EndProject
Project("{FAE04EC0-301F-11D3-BF4B-00C04F79EFBC}") = "Unity.Rider.Editor", "Unity.Rider.Editor.csproj", "{058FE29D-7204-4A6C-56ED-6D67A172764F}"
EndProject
Project("{FAE04EC0-301F-11D3-BF4B-00C04F79EFBC}") = "Unity.2D.Path.Editor", "Unity.2D.Path.Editor.csproj", "{773E8385-F2A8-7C40-BF5F-9444738FD96F}"
EndProject
Project("{FAE04EC0-301F-11D3-BF4B-00C04F79EFBC}") = "PsdPlugin", "PsdPlugin.csproj", "{FB110E67-F5BC-05E9-92BB-943CDCC43736}"
EndProject
Project("{FAE04EC0-301F-11D3-BF4B-00C04F79EFBC}") = "Unity.2D.IK.Editor", "Unity.2D.IK.Editor.csproj", "{8F5FA0C5-8329-CE40-779E-BB8E77DDA387}"
EndProject
Project("{FAE04EC0-301F-11D3-BF4B-00C04F79EFBC}") = "Unity.2D.Psdimporter.Editor", "Unity.2D.Psdimporter.Editor.csproj", "{8765327C-53F7-9CEE-4F35-1859B92BA21D}"
EndProject
Project("{FAE04EC0-301F-11D3-BF4B-00C04F79EFBC}") = "Unity.2D.SpriteShape.Editor", "Unity.2D.SpriteShape.Editor.csproj", "{093A6EBE-B7BA-AF28-0107-241D4B2FEF66}"
EndProject
Project("{FAE04EC0-301F-11D3-BF4B-00C04F79EFBC}") = "Unity.Burst.CodeGen", "Unity.Burst.CodeGen.csproj", "{3B25AED9-F7B3-6681-3897-7471EC3F33DD}"
EndProject
Project("{FAE04EC0-301F-11D3-BF4B-00C04F79EFBC}") = "Unity.VSCode.Editor", "Unity.VSCode.Editor.csproj", "{87847D4D-2928-6671-116D-B0A2EFE54D3A}"
EndProject
Project("{FAE04EC0-301F-11D3-BF4B-00C04F79EFBC}") = "Unity.2D.Sprite.Editor", "Unity.2D.Sprite.Editor.csproj", "{D7EFA7EF-499E-BFA5-D625-BFD980FB120B}"
EndProject
Project("{FAE04EC0-301F-11D3-BF4B-00C04F79EFBC}") = "UnityEditor.UI", "UnityEditor.UI.csproj", "{43724D97-60CD-6B89-0711-070B925DABE6}"
EndProject
Project("{FAE04EC0-301F-11D3-BF4B-00C04F79EFBC}") = "Unity.2D.Common.Editor", "Unity.2D.Common.Editor.csproj", "{7265A1FF-5D44-C270-065A-AD8A8ADC9015}"
EndProject
Project("{FAE04EC0-301F-11D3-BF4B-00C04F79EFBC}") = "Unity.Mathematics.Editor", "Unity.Mathematics.Editor.csproj", "{5050207A-236A-461F-5684-3A92043D5104}"
EndProject
Project("{FAE04EC0-301F-11D3-BF4B-00C04F79EFBC}") = "Unity.Services.Core.Configuration.Editor", "Unity.Services.Core.Configuration.Editor.csproj", "{FDF96E32-FE0E-E5AC-6D4C-65816808E4DA}"
EndProject
Project("{FAE04EC0-301F-11D3-BF4B-00C04F79EFBC}") = "Unity.2D.Tilemap.Extras.Editor", "Unity.2D.Tilemap.Extras.Editor.csproj", "{56893236-AD8C-9A19-91F0-BD53E46449EF}"
EndProject
Project("{FAE04EC0-301F-11D3-BF4B-00C04F79EFBC}") = "Unity.Burst.Editor", "Unity.Burst.Editor.csproj", "{C956721E-74D6-3A14-0590-76485B1CDF9C}"
EndProject
Project("{FAE04EC0-301F-11D3-BF4B-00C04F79EFBC}") = "Unity.InternalAPIEditorBridge.001", "Unity.InternalAPIEditorBridge.001.csproj", "{467D8FAE-D328-790B-6E6E-0FC47D3D941A}"
EndProject
Project("{FAE04EC0-301F-11D3-BF4B-00C04F79EFBC}") = "Unity.VisualScripting.Shared.Editor", "Unity.VisualScripting.Shared.Editor.csproj", "{04ABEB17-5315-33B3-2E7F-B02D23D4E72F}"
EndProject
Project("{FAE04EC0-301F-11D3-BF4B-00C04F79EFBC}") = "UnityEngine.TestRunner", "UnityEngine.TestRunner.Player.csproj", "{4C1D5BD9-29E0-10AA-A1E8-95982C5E2A08}"
EndProject
Project("{FAE04EC0-301F-11D3-BF4B-00C04F79EFBC}") = "UnityEngine.UI", "UnityEngine.UI.Player.csproj", "{5AF704F8-0B41-98A3-5326-B57B35DBC028}"
EndProject
Project("{FAE04EC0-301F-11D3-BF4B-00C04F79EFBC}") = "Unity.VisualScripting.Flow", "Unity.VisualScripting.Flow.Player.csproj", "{7DEA27FE-0C2B-98D0-2076-C8C038BE87FA}"
EndProject
Project("{FAE04EC0-301F-11D3-BF4B-00C04F79EFBC}") = "Unity.Mathematics", "Unity.Mathematics.Player.csproj", "{EB27A0A2-AF81-E765-66C5-8B8B02F7F24B}"
EndProject
Project("{FAE04EC0-301F-11D3-BF4B-00C04F79EFBC}") = "Unity.Services.Core.Telemetry", "Unity.Services.Core.Telemetry.Player.csproj", "{B65C7159-6144-6529-4C0A-11952B619EE3}"
EndProject
Project("{FAE04EC0-301F-11D3-BF4B-00C04F79EFBC}") = "Unity.VisualScripting.State", "Unity.VisualScripting.State.Player.csproj", "{7524B7C3-037C-581E-D2E7-00D4A2B32461}"
EndProject
Project("{FAE04EC0-301F-11D3-BF4B-00C04F79EFBC}") = "Unity.VisualScripting.Core", "Unity.VisualScripting.Core.Player.csproj", "{315FCB67-A7C9-DCD2-DA97-AB6ED05A5C2C}"
EndProject
Project("{FAE04EC0-301F-11D3-BF4B-00C04F79EFBC}") = "Unity.Services.Core.Environments.Internal", "Unity.Services.Core.Environments.Internal.Player.csproj", "{EF3EDB69-A899-4650-D9A0-50D4F83A38E4}"
EndProject
Project("{FAE04EC0-301F-11D3-BF4B-00C04F79EFBC}") = "Unity.Burst", "Unity.Burst.Player.csproj", "{02DBE4E3-C083-B4DF-A4F7-007B67E1AA49}"
EndProject
Project("{FAE04EC0-301F-11D3-BF4B-00C04F79EFBC}") = "Unity.2D.Animation.Runtime", "Unity.2D.Animation.Runtime.Player.csproj", "{8CA813E2-BE33-2AFE-FD63-46257D792070}"
EndProject
Project("{FAE04EC0-301F-11D3-BF4B-00C04F79EFBC}") = "Unity.TextMeshPro", "Unity.TextMeshPro.Player.csproj", "{654B5766-6BFF-1651-7676-1D0DF910C5EC}"
EndProject
Project("{FAE04EC0-301F-11D3-BF4B-00C04F79EFBC}") = "Assembly-CSharp", "Assembly-CSharp.Player.csproj", "{83FBDE2F-2AE1-9C77-10DB-1187A268BCF0}"
EndProject
Project("{FAE04EC0-301F-11D3-BF4B-00C04F79EFBC}") = "Cinemachine", "Cinemachine.Player.csproj", "{D8F50FB1-4B25-C79E-CF24-21CDC7CD509C}"
EndProject
Project("{FAE04EC0-301F-11D3-BF4B-00C04F79EFBC}") = "Unity.Timeline", "Unity.Timeline.Player.csproj", "{4A477701-E845-57F6-2860-D16B4B5FEB7D}"
EndProject
Project("{FAE04EC0-301F-11D3-BF4B-00C04F79EFBC}") = "Unity.Services.Core", "Unity.Services.Core.Player.csproj", "{A6C951E1-348C-A0F2-88FF-FFBCC14AAE9E}"
EndProject
Project("{FAE04EC0-301F-11D3-BF4B-00C04F79EFBC}") = "Unity.Services.Core.Environments", "Unity.Services.Core.Environments.Player.csproj", "{3C346085-4862-45F5-DD1D-59B4F96C5F47}"
EndProject
Project("{FAE04EC0-301F-11D3-BF4B-00C04F79EFBC}") = "Unity.Services.Core.Internal", "Unity.Services.Core.Internal.Player.csproj", "{132B7ED6-3288-6B02-7E01-0C73A6209566}"
EndProject
Project("{FAE04EC0-301F-11D3-BF4B-00C04F79EFBC}") = "Unity.Services.Core.Analytics", "Unity.Services.Core.Analytics.Player.csproj", "{5B7E32CD-5CB9-E6EE-39D4-726093D5542F}"
EndProject
Project("{FAE04EC0-301F-11D3-BF4B-00C04F79EFBC}") = "Unity.2D.SpriteShape.Runtime", "Unity.2D.SpriteShape.Runtime.Player.csproj", "{0D860219-2A81-7D66-188C-95671B0477FF}"
EndProject
Project("{FAE04EC0-301F-11D3-BF4B-00C04F79EFBC}") = "Unity.Services.Core.Scheduler", "Unity.Services.Core.Scheduler.Player.csproj", "{1C605934-C4E8-A02D-2038-16AA5DF06726}"
EndProject
Project("{FAE04EC0-301F-11D3-BF4B-00C04F79EFBC}") = "Unity.Services.Core.Registration", "Unity.Services.Core.Registration.Player.csproj", "{C3ED06B6-9CF3-09A2-10E2-4B1D38DF2B6B}"
EndProject
Project("{FAE04EC0-301F-11D3-BF4B-00C04F79EFBC}") = "Unity.2D.PixelPerfect", "Unity.2D.PixelPerfect.Player.csproj", "{1EBAD9F7-740D-52C9-E1A8-A29048BB92EC}"
EndProject
Project("{FAE04EC0-301F-11D3-BF4B-00C04F79EFBC}") = "Unity.2D.Common.Runtime", "Unity.2D.Common.Runtime.Player.csproj", "{3D4E079F-8BE6-5302-CE67-75CF61B79789}"
EndProject
Project("{FAE04EC0-301F-11D3-BF4B-00C04F79EFBC}") = "Unity.2D.IK.Runtime", "Unity.2D.IK.Runtime.Player.csproj", "{125AE906-2051-E8B1-BB76-8F01C4749A7F}"
EndProject
Project("{FAE04EC0-301F-11D3-BF4B-00C04F79EFBC}") = "Unity.Services.Core.Device", "Unity.Services.Core.Device.Player.csproj", "{A5CBCB3A-260A-F46F-8201-4EEF1E5D95BF}"
EndProject
Project("{FAE04EC0-301F-11D3-BF4B-00C04F79EFBC}") = "Unity.Services.Core.Threading", "Unity.Services.Core.Threading.Player.csproj", "{5C12ECF3-503B-ACEF-9AC2-7E1E9FA4D6FE}"
EndProject
Project("{FAE04EC0-301F-11D3-BF4B-00C04F79EFBC}") = "Unity.2D.Tilemap.Extras", "Unity.2D.Tilemap.Extras.Player.csproj", "{D921D6E6-2310-B711-7EF7-BFBD5B3F96D5}"
EndProject
Project("{FAE04EC0-301F-11D3-BF4B-00C04F79EFBC}") = "Unity.Services.Core.Networking", "Unity.Services.Core.Networking.Player.csproj", "{CEA667F9-BE2B-04D4-C642-DCB88F337FD8}"
EndProject
Project("{FAE04EC0-301F-11D3-BF4B-00C04F79EFBC}") = "Unity.InternalAPIEngineBridge.001", "Unity.InternalAPIEngineBridge.001.Player.csproj", "{864E46D1-F12C-6AA6-222D-198962629A2C}"
EndProject
Project("{FAE04EC0-301F-11D3-BF4B-00C04F79EFBC}") = "Unity.Services.Core.Configuration", "Unity.Services.Core.Configuration.Player.csproj", "{6DBFA23A-353B-027A-2514-0EEE9CFB3D6F}"
EndProject
Global
	GlobalSection(SolutionConfigurationPlatforms) = preSolution
		Debug|Any CPU = Debug|Any CPU
		Release|Any CPU = Release|Any CPU
	EndGlobalSection
	GlobalSection(ProjectConfigurationPlatforms) = postSolution
		{9B314FF3-947E-92B6-25E4-808EDA99B0F5}.Debug|Any CPU.ActiveCfg = Debug|Any CPU
		{9B314FF3-947E-92B6-25E4-808EDA99B0F5}.Debug|Any CPU.Build.0 = Debug|Any CPU
		{9B314FF3-947E-92B6-25E4-808EDA99B0F5}.Release|Any CPU.ActiveCfg = Release|Any CPU
		{9B314FF3-947E-92B6-25E4-808EDA99B0F5}.Release|Any CPU.Build.0 = Release|Any CPU
		{143F5903-8F17-6AAF-A052-5009E27A8F58}.Debug|Any CPU.ActiveCfg = Debug|Any CPU
		{143F5903-8F17-6AAF-A052-5009E27A8F58}.Debug|Any CPU.Build.0 = Debug|Any CPU
		{143F5903-8F17-6AAF-A052-5009E27A8F58}.Release|Any CPU.ActiveCfg = Release|Any CPU
		{143F5903-8F17-6AAF-A052-5009E27A8F58}.Release|Any CPU.Build.0 = Release|Any CPU
		{734B6476-3D5E-2A5A-E5FD-ABB62B183E4F}.Debug|Any CPU.ActiveCfg = Debug|Any CPU
		{734B6476-3D5E-2A5A-E5FD-ABB62B183E4F}.Debug|Any CPU.Build.0 = Debug|Any CPU
		{734B6476-3D5E-2A5A-E5FD-ABB62B183E4F}.Release|Any CPU.ActiveCfg = Release|Any CPU
		{734B6476-3D5E-2A5A-E5FD-ABB62B183E4F}.Release|Any CPU.Build.0 = Release|Any CPU
		{6DE4598C-D083-2277-EBAC-15C933AC00F5}.Debug|Any CPU.ActiveCfg = Debug|Any CPU
		{6DE4598C-D083-2277-EBAC-15C933AC00F5}.Debug|Any CPU.Build.0 = Debug|Any CPU
		{6DE4598C-D083-2277-EBAC-15C933AC00F5}.Release|Any CPU.ActiveCfg = Release|Any CPU
		{6DE4598C-D083-2277-EBAC-15C933AC00F5}.Release|Any CPU.Build.0 = Release|Any CPU
		{8EA9246B-484E-562A-8834-7365A9C21408}.Debug|Any CPU.ActiveCfg = Debug|Any CPU
		{8EA9246B-484E-562A-8834-7365A9C21408}.Debug|Any CPU.Build.0 = Debug|Any CPU
		{8EA9246B-484E-562A-8834-7365A9C21408}.Release|Any CPU.ActiveCfg = Release|Any CPU
		{8EA9246B-484E-562A-8834-7365A9C21408}.Release|Any CPU.Build.0 = Release|Any CPU
		{0222195F-3E60-C21A-9F9E-12916FF77A95}.Debug|Any CPU.ActiveCfg = Debug|Any CPU
		{0222195F-3E60-C21A-9F9E-12916FF77A95}.Debug|Any CPU.Build.0 = Debug|Any CPU
		{0222195F-3E60-C21A-9F9E-12916FF77A95}.Release|Any CPU.ActiveCfg = Release|Any CPU
		{0222195F-3E60-C21A-9F9E-12916FF77A95}.Release|Any CPU.Build.0 = Release|Any CPU
		{C99F4F6C-AED3-C440-4852-7CBA8510BC1B}.Debug|Any CPU.ActiveCfg = Debug|Any CPU
		{C99F4F6C-AED3-C440-4852-7CBA8510BC1B}.Debug|Any CPU.Build.0 = Debug|Any CPU
		{C99F4F6C-AED3-C440-4852-7CBA8510BC1B}.Release|Any CPU.ActiveCfg = Release|Any CPU
		{C99F4F6C-AED3-C440-4852-7CBA8510BC1B}.Release|Any CPU.Build.0 = Release|Any CPU
		{4CFD6F0D-38F9-53B6-D12A-9439651560ED}.Debug|Any CPU.ActiveCfg = Debug|Any CPU
		{4CFD6F0D-38F9-53B6-D12A-9439651560ED}.Debug|Any CPU.Build.0 = Debug|Any CPU
		{4CFD6F0D-38F9-53B6-D12A-9439651560ED}.Release|Any CPU.ActiveCfg = Release|Any CPU
		{4CFD6F0D-38F9-53B6-D12A-9439651560ED}.Release|Any CPU.Build.0 = Release|Any CPU
		{9263B187-B85D-D773-41DD-8D08BDA95D13}.Debug|Any CPU.ActiveCfg = Debug|Any CPU
		{9263B187-B85D-D773-41DD-8D08BDA95D13}.Debug|Any CPU.Build.0 = Debug|Any CPU
		{9263B187-B85D-D773-41DD-8D08BDA95D13}.Release|Any CPU.ActiveCfg = Release|Any CPU
		{9263B187-B85D-D773-41DD-8D08BDA95D13}.Release|Any CPU.Build.0 = Release|Any CPU
		{25D6044B-E0DA-0FF3-FEB0-DE88210BA565}.Debug|Any CPU.ActiveCfg = Debug|Any CPU
		{25D6044B-E0DA-0FF3-FEB0-DE88210BA565}.Debug|Any CPU.Build.0 = Debug|Any CPU
		{25D6044B-E0DA-0FF3-FEB0-DE88210BA565}.Release|Any CPU.ActiveCfg = Release|Any CPU
		{25D6044B-E0DA-0FF3-FEB0-DE88210BA565}.Release|Any CPU.Build.0 = Release|Any CPU
		{4043BD5E-40D9-2C2E-92D3-8A5C99B33EAF}.Debug|Any CPU.ActiveCfg = Debug|Any CPU
		{4043BD5E-40D9-2C2E-92D3-8A5C99B33EAF}.Debug|Any CPU.Build.0 = Debug|Any CPU
		{4043BD5E-40D9-2C2E-92D3-8A5C99B33EAF}.Release|Any CPU.ActiveCfg = Release|Any CPU
		{4043BD5E-40D9-2C2E-92D3-8A5C99B33EAF}.Release|Any CPU.Build.0 = Release|Any CPU
		{B639A771-5EC6-0294-1B02-3424E63080E1}.Debug|Any CPU.ActiveCfg = Debug|Any CPU
		{B639A771-5EC6-0294-1B02-3424E63080E1}.Debug|Any CPU.Build.0 = Debug|Any CPU
		{B639A771-5EC6-0294-1B02-3424E63080E1}.Release|Any CPU.ActiveCfg = Release|Any CPU
		{B639A771-5EC6-0294-1B02-3424E63080E1}.Release|Any CPU.Build.0 = Release|Any CPU
		{F631FCDB-2EB1-F3A5-74D8-A55290DA7876}.Debug|Any CPU.ActiveCfg = Debug|Any CPU
		{F631FCDB-2EB1-F3A5-74D8-A55290DA7876}.Debug|Any CPU.Build.0 = Debug|Any CPU
		{F631FCDB-2EB1-F3A5-74D8-A55290DA7876}.Release|Any CPU.ActiveCfg = Release|Any CPU
		{F631FCDB-2EB1-F3A5-74D8-A55290DA7876}.Release|Any CPU.Build.0 = Release|Any CPU
		{3B0A7028-0E0C-B6BF-8E2C-CAF8B829FB9D}.Debug|Any CPU.ActiveCfg = Debug|Any CPU
		{3B0A7028-0E0C-B6BF-8E2C-CAF8B829FB9D}.Debug|Any CPU.Build.0 = Debug|Any CPU
		{3B0A7028-0E0C-B6BF-8E2C-CAF8B829FB9D}.Release|Any CPU.ActiveCfg = Release|Any CPU
		{3B0A7028-0E0C-B6BF-8E2C-CAF8B829FB9D}.Release|Any CPU.Build.0 = Release|Any CPU
		{85DEA4AD-95E1-0163-7BD3-F7EB0A4618DD}.Debug|Any CPU.ActiveCfg = Debug|Any CPU
		{85DEA4AD-95E1-0163-7BD3-F7EB0A4618DD}.Debug|Any CPU.Build.0 = Debug|Any CPU
		{85DEA4AD-95E1-0163-7BD3-F7EB0A4618DD}.Release|Any CPU.ActiveCfg = Release|Any CPU
		{85DEA4AD-95E1-0163-7BD3-F7EB0A4618DD}.Release|Any CPU.Build.0 = Release|Any CPU
		{50232D64-DE31-B4FA-4BEA-B94DC6D009F0}.Debug|Any CPU.ActiveCfg = Debug|Any CPU
		{50232D64-DE31-B4FA-4BEA-B94DC6D009F0}.Debug|Any CPU.Build.0 = Debug|Any CPU
		{50232D64-DE31-B4FA-4BEA-B94DC6D009F0}.Release|Any CPU.ActiveCfg = Release|Any CPU
		{50232D64-DE31-B4FA-4BEA-B94DC6D009F0}.Release|Any CPU.Build.0 = Release|Any CPU
		{0AE0DA5A-EC2D-28FF-9758-73CCCACD9487}.Debug|Any CPU.ActiveCfg = Debug|Any CPU
		{0AE0DA5A-EC2D-28FF-9758-73CCCACD9487}.Debug|Any CPU.Build.0 = Debug|Any CPU
		{0AE0DA5A-EC2D-28FF-9758-73CCCACD9487}.Release|Any CPU.ActiveCfg = Release|Any CPU
		{0AE0DA5A-EC2D-28FF-9758-73CCCACD9487}.Release|Any CPU.Build.0 = Release|Any CPU
		{3F415C9D-6686-2564-7A53-F31006354DC7}.Debug|Any CPU.ActiveCfg = Debug|Any CPU
		{3F415C9D-6686-2564-7A53-F31006354DC7}.Debug|Any CPU.Build.0 = Debug|Any CPU
		{3F415C9D-6686-2564-7A53-F31006354DC7}.Release|Any CPU.ActiveCfg = Release|Any CPU
		{3F415C9D-6686-2564-7A53-F31006354DC7}.Release|Any CPU.Build.0 = Release|Any CPU
		{5A610F5C-BAD7-8727-AB10-CB0316DF7C22}.Debug|Any CPU.ActiveCfg = Debug|Any CPU
		{5A610F5C-BAD7-8727-AB10-CB0316DF7C22}.Debug|Any CPU.Build.0 = Debug|Any CPU
		{5A610F5C-BAD7-8727-AB10-CB0316DF7C22}.Release|Any CPU.ActiveCfg = Release|Any CPU
		{5A610F5C-BAD7-8727-AB10-CB0316DF7C22}.Release|Any CPU.Build.0 = Release|Any CPU
		{05C3B590-47A0-A8A1-6ABD-5BC3AE923A6D}.Debug|Any CPU.ActiveCfg = Debug|Any CPU
		{05C3B590-47A0-A8A1-6ABD-5BC3AE923A6D}.Debug|Any CPU.Build.0 = Debug|Any CPU
		{05C3B590-47A0-A8A1-6ABD-5BC3AE923A6D}.Release|Any CPU.ActiveCfg = Release|Any CPU
		{05C3B590-47A0-A8A1-6ABD-5BC3AE923A6D}.Release|Any CPU.Build.0 = Release|Any CPU
		{C0A0BDFA-E169-B8C3-80CA-AAA15C3FC42E}.Debug|Any CPU.ActiveCfg = Debug|Any CPU
		{C0A0BDFA-E169-B8C3-80CA-AAA15C3FC42E}.Debug|Any CPU.Build.0 = Debug|Any CPU
		{C0A0BDFA-E169-B8C3-80CA-AAA15C3FC42E}.Release|Any CPU.ActiveCfg = Release|Any CPU
		{C0A0BDFA-E169-B8C3-80CA-AAA15C3FC42E}.Release|Any CPU.Build.0 = Release|Any CPU
		{6D6DB268-E3FC-2F13-AD34-6E918A933BB6}.Debug|Any CPU.ActiveCfg = Debug|Any CPU
		{6D6DB268-E3FC-2F13-AD34-6E918A933BB6}.Debug|Any CPU.Build.0 = Debug|Any CPU
		{6D6DB268-E3FC-2F13-AD34-6E918A933BB6}.Release|Any CPU.ActiveCfg = Release|Any CPU
		{6D6DB268-E3FC-2F13-AD34-6E918A933BB6}.Release|Any CPU.Build.0 = Release|Any CPU
		{4A51B5ED-F612-1BEE-EC49-80B0715C9CE5}.Debug|Any CPU.ActiveCfg = Debug|Any CPU
		{4A51B5ED-F612-1BEE-EC49-80B0715C9CE5}.Debug|Any CPU.Build.0 = Debug|Any CPU
		{4A51B5ED-F612-1BEE-EC49-80B0715C9CE5}.Release|Any CPU.ActiveCfg = Release|Any CPU
		{4A51B5ED-F612-1BEE-EC49-80B0715C9CE5}.Release|Any CPU.Build.0 = Release|Any CPU
		{A951F6ED-ED39-6DE2-F0C9-9877CFCBFEBC}.Debug|Any CPU.ActiveCfg = Debug|Any CPU
		{A951F6ED-ED39-6DE2-F0C9-9877CFCBFEBC}.Debug|Any CPU.Build.0 = Debug|Any CPU
		{A951F6ED-ED39-6DE2-F0C9-9877CFCBFEBC}.Release|Any CPU.ActiveCfg = Release|Any CPU
		{A951F6ED-ED39-6DE2-F0C9-9877CFCBFEBC}.Release|Any CPU.Build.0 = Release|Any CPU
		{725AF3C9-AD95-FF8B-D8B9-A329A99A8ACC}.Debug|Any CPU.ActiveCfg = Debug|Any CPU
		{725AF3C9-AD95-FF8B-D8B9-A329A99A8ACC}.Debug|Any CPU.Build.0 = Debug|Any CPU
		{725AF3C9-AD95-FF8B-D8B9-A329A99A8ACC}.Release|Any CPU.ActiveCfg = Release|Any CPU
		{725AF3C9-AD95-FF8B-D8B9-A329A99A8ACC}.Release|Any CPU.Build.0 = Release|Any CPU
		{433E33E9-6E5B-DB56-27BE-3643983693BB}.Debug|Any CPU.ActiveCfg = Debug|Any CPU
		{433E33E9-6E5B-DB56-27BE-3643983693BB}.Debug|Any CPU.Build.0 = Debug|Any CPU
		{433E33E9-6E5B-DB56-27BE-3643983693BB}.Release|Any CPU.ActiveCfg = Release|Any CPU
		{433E33E9-6E5B-DB56-27BE-3643983693BB}.Release|Any CPU.Build.0 = Release|Any CPU
		{30A1D467-7232-9F09-7A42-22E8ABB8DFCF}.Debug|Any CPU.ActiveCfg = Debug|Any CPU
		{30A1D467-7232-9F09-7A42-22E8ABB8DFCF}.Debug|Any CPU.Build.0 = Debug|Any CPU
		{30A1D467-7232-9F09-7A42-22E8ABB8DFCF}.Release|Any CPU.ActiveCfg = Release|Any CPU
		{30A1D467-7232-9F09-7A42-22E8ABB8DFCF}.Release|Any CPU.Build.0 = Release|Any CPU
		{837E8D40-8369-47C2-C834-B5B73D6C9F40}.Debug|Any CPU.ActiveCfg = Debug|Any CPU
		{837E8D40-8369-47C2-C834-B5B73D6C9F40}.Debug|Any CPU.Build.0 = Debug|Any CPU
		{837E8D40-8369-47C2-C834-B5B73D6C9F40}.Release|Any CPU.ActiveCfg = Release|Any CPU
		{837E8D40-8369-47C2-C834-B5B73D6C9F40}.Release|Any CPU.Build.0 = Release|Any CPU
		{CD41A6D2-6DBA-FE7F-E14F-B727AFBC6B9B}.Debug|Any CPU.ActiveCfg = Debug|Any CPU
		{CD41A6D2-6DBA-FE7F-E14F-B727AFBC6B9B}.Debug|Any CPU.Build.0 = Debug|Any CPU
		{CD41A6D2-6DBA-FE7F-E14F-B727AFBC6B9B}.Release|Any CPU.ActiveCfg = Release|Any CPU
		{CD41A6D2-6DBA-FE7F-E14F-B727AFBC6B9B}.Release|Any CPU.Build.0 = Release|Any CPU
		{E230070F-E116-5934-8191-3F6355353ABC}.Debug|Any CPU.ActiveCfg = Debug|Any CPU
		{E230070F-E116-5934-8191-3F6355353ABC}.Debug|Any CPU.Build.0 = Debug|Any CPU
		{E230070F-E116-5934-8191-3F6355353ABC}.Release|Any CPU.ActiveCfg = Release|Any CPU
		{E230070F-E116-5934-8191-3F6355353ABC}.Release|Any CPU.Build.0 = Release|Any CPU
		{46CF13B3-202C-C168-34EA-FAD6FB3D6769}.Debug|Any CPU.ActiveCfg = Debug|Any CPU
		{46CF13B3-202C-C168-34EA-FAD6FB3D6769}.Debug|Any CPU.Build.0 = Debug|Any CPU
		{46CF13B3-202C-C168-34EA-FAD6FB3D6769}.Release|Any CPU.ActiveCfg = Release|Any CPU
		{46CF13B3-202C-C168-34EA-FAD6FB3D6769}.Release|Any CPU.Build.0 = Release|Any CPU
		{1284B23F-B5A2-CAE1-94E0-B0508FCE1E80}.Debug|Any CPU.ActiveCfg = Debug|Any CPU
		{1284B23F-B5A2-CAE1-94E0-B0508FCE1E80}.Debug|Any CPU.Build.0 = Debug|Any CPU
		{1284B23F-B5A2-CAE1-94E0-B0508FCE1E80}.Release|Any CPU.ActiveCfg = Release|Any CPU
		{1284B23F-B5A2-CAE1-94E0-B0508FCE1E80}.Release|Any CPU.Build.0 = Release|Any CPU
		{EB05C28C-2AA1-D563-6B7D-0450900C3895}.Debug|Any CPU.ActiveCfg = Debug|Any CPU
		{EB05C28C-2AA1-D563-6B7D-0450900C3895}.Debug|Any CPU.Build.0 = Debug|Any CPU
		{EB05C28C-2AA1-D563-6B7D-0450900C3895}.Release|Any CPU.ActiveCfg = Release|Any CPU
		{EB05C28C-2AA1-D563-6B7D-0450900C3895}.Release|Any CPU.Build.0 = Release|Any CPU
		{887C206E-018C-9A98-A203-A9CCF577FFDC}.Debug|Any CPU.ActiveCfg = Debug|Any CPU
		{887C206E-018C-9A98-A203-A9CCF577FFDC}.Debug|Any CPU.Build.0 = Debug|Any CPU
		{887C206E-018C-9A98-A203-A9CCF577FFDC}.Release|Any CPU.ActiveCfg = Release|Any CPU
		{887C206E-018C-9A98-A203-A9CCF577FFDC}.Release|Any CPU.Build.0 = Release|Any CPU
		{85B011D1-7714-8BDA-2981-4ACC28B7E3D7}.Debug|Any CPU.ActiveCfg = Debug|Any CPU
		{85B011D1-7714-8BDA-2981-4ACC28B7E3D7}.Debug|Any CPU.Build.0 = Debug|Any CPU
		{85B011D1-7714-8BDA-2981-4ACC28B7E3D7}.Release|Any CPU.ActiveCfg = Release|Any CPU
		{85B011D1-7714-8BDA-2981-4ACC28B7E3D7}.Release|Any CPU.Build.0 = Release|Any CPU
		{75F0507C-CEA5-3009-7695-44EF1C5304D3}.Debug|Any CPU.ActiveCfg = Debug|Any CPU
		{75F0507C-CEA5-3009-7695-44EF1C5304D3}.Debug|Any CPU.Build.0 = Debug|Any CPU
		{75F0507C-CEA5-3009-7695-44EF1C5304D3}.Release|Any CPU.ActiveCfg = Release|Any CPU
		{75F0507C-CEA5-3009-7695-44EF1C5304D3}.Release|Any CPU.Build.0 = Release|Any CPU
		{49328356-8D90-76A4-CE96-9292ED8F82E6}.Debug|Any CPU.ActiveCfg = Debug|Any CPU
		{49328356-8D90-76A4-CE96-9292ED8F82E6}.Debug|Any CPU.Build.0 = Debug|Any CPU
		{49328356-8D90-76A4-CE96-9292ED8F82E6}.Release|Any CPU.ActiveCfg = Release|Any CPU
		{49328356-8D90-76A4-CE96-9292ED8F82E6}.Release|Any CPU.Build.0 = Release|Any CPU
		{7322105B-FD54-6097-0E57-C44103879F5F}.Debug|Any CPU.ActiveCfg = Debug|Any CPU
		{7322105B-FD54-6097-0E57-C44103879F5F}.Debug|Any CPU.Build.0 = Debug|Any CPU
		{7322105B-FD54-6097-0E57-C44103879F5F}.Release|Any CPU.ActiveCfg = Release|Any CPU
		{7322105B-FD54-6097-0E57-C44103879F5F}.Release|Any CPU.Build.0 = Release|Any CPU
		{5A79D167-B491-490B-95BA-BF5B3332F2DD}.Debug|Any CPU.ActiveCfg = Debug|Any CPU
		{5A79D167-B491-490B-95BA-BF5B3332F2DD}.Debug|Any CPU.Build.0 = Debug|Any CPU
		{5A79D167-B491-490B-95BA-BF5B3332F2DD}.Release|Any CPU.ActiveCfg = Release|Any CPU
		{5A79D167-B491-490B-95BA-BF5B3332F2DD}.Release|Any CPU.Build.0 = Release|Any CPU
		{F42DE449-E4D0-46A6-6154-FE799ECD9592}.Debug|Any CPU.ActiveCfg = Debug|Any CPU
		{F42DE449-E4D0-46A6-6154-FE799ECD9592}.Debug|Any CPU.Build.0 = Debug|Any CPU
		{F42DE449-E4D0-46A6-6154-FE799ECD9592}.Release|Any CPU.ActiveCfg = Release|Any CPU
		{F42DE449-E4D0-46A6-6154-FE799ECD9592}.Release|Any CPU.Build.0 = Release|Any CPU
		{CA35DA87-8D10-9AB3-8D0D-ED47936280F1}.Debug|Any CPU.ActiveCfg = Debug|Any CPU
		{CA35DA87-8D10-9AB3-8D0D-ED47936280F1}.Debug|Any CPU.Build.0 = Debug|Any CPU
		{CA35DA87-8D10-9AB3-8D0D-ED47936280F1}.Release|Any CPU.ActiveCfg = Release|Any CPU
		{CA35DA87-8D10-9AB3-8D0D-ED47936280F1}.Release|Any CPU.Build.0 = Release|Any CPU
		{CB35F0DC-3B77-B63F-23B5-C190A0173C07}.Debug|Any CPU.ActiveCfg = Debug|Any CPU
		{CB35F0DC-3B77-B63F-23B5-C190A0173C07}.Debug|Any CPU.Build.0 = Debug|Any CPU
		{CB35F0DC-3B77-B63F-23B5-C190A0173C07}.Release|Any CPU.ActiveCfg = Release|Any CPU
		{CB35F0DC-3B77-B63F-23B5-C190A0173C07}.Release|Any CPU.Build.0 = Release|Any CPU
		{FD73DEDD-B489-25DF-906E-92C768DED886}.Debug|Any CPU.ActiveCfg = Debug|Any CPU
		{FD73DEDD-B489-25DF-906E-92C768DED886}.Debug|Any CPU.Build.0 = Debug|Any CPU
		{FD73DEDD-B489-25DF-906E-92C768DED886}.Release|Any CPU.ActiveCfg = Release|Any CPU
		{FD73DEDD-B489-25DF-906E-92C768DED886}.Release|Any CPU.Build.0 = Release|Any CPU
		{021E7F06-F90F-DC01-EE71-BB50DDA48220}.Debug|Any CPU.ActiveCfg = Debug|Any CPU
		{021E7F06-F90F-DC01-EE71-BB50DDA48220}.Debug|Any CPU.Build.0 = Debug|Any CPU
		{021E7F06-F90F-DC01-EE71-BB50DDA48220}.Release|Any CPU.ActiveCfg = Release|Any CPU
		{021E7F06-F90F-DC01-EE71-BB50DDA48220}.Release|Any CPU.Build.0 = Release|Any CPU
		{EEBDBD46-28EC-3F63-7662-CDBE24E463C7}.Debug|Any CPU.ActiveCfg = Debug|Any CPU
		{EEBDBD46-28EC-3F63-7662-CDBE24E463C7}.Debug|Any CPU.Build.0 = Debug|Any CPU
		{EEBDBD46-28EC-3F63-7662-CDBE24E463C7}.Release|Any CPU.ActiveCfg = Release|Any CPU
		{EEBDBD46-28EC-3F63-7662-CDBE24E463C7}.Release|Any CPU.Build.0 = Release|Any CPU
		{058FE29D-7204-4A6C-56ED-6D67A172764F}.Debug|Any CPU.ActiveCfg = Debug|Any CPU
		{058FE29D-7204-4A6C-56ED-6D67A172764F}.Debug|Any CPU.Build.0 = Debug|Any CPU
		{058FE29D-7204-4A6C-56ED-6D67A172764F}.Release|Any CPU.ActiveCfg = Release|Any CPU
		{058FE29D-7204-4A6C-56ED-6D67A172764F}.Release|Any CPU.Build.0 = Release|Any CPU
		{773E8385-F2A8-7C40-BF5F-9444738FD96F}.Debug|Any CPU.ActiveCfg = Debug|Any CPU
		{773E8385-F2A8-7C40-BF5F-9444738FD96F}.Debug|Any CPU.Build.0 = Debug|Any CPU
		{773E8385-F2A8-7C40-BF5F-9444738FD96F}.Release|Any CPU.ActiveCfg = Release|Any CPU
		{773E8385-F2A8-7C40-BF5F-9444738FD96F}.Release|Any CPU.Build.0 = Release|Any CPU
		{FB110E67-F5BC-05E9-92BB-943CDCC43736}.Debug|Any CPU.ActiveCfg = Debug|Any CPU
		{FB110E67-F5BC-05E9-92BB-943CDCC43736}.Debug|Any CPU.Build.0 = Debug|Any CPU
		{FB110E67-F5BC-05E9-92BB-943CDCC43736}.Release|Any CPU.ActiveCfg = Release|Any CPU
		{FB110E67-F5BC-05E9-92BB-943CDCC43736}.Release|Any CPU.Build.0 = Release|Any CPU
		{8F5FA0C5-8329-CE40-779E-BB8E77DDA387}.Debug|Any CPU.ActiveCfg = Debug|Any CPU
		{8F5FA0C5-8329-CE40-779E-BB8E77DDA387}.Debug|Any CPU.Build.0 = Debug|Any CPU
		{8F5FA0C5-8329-CE40-779E-BB8E77DDA387}.Release|Any CPU.ActiveCfg = Release|Any CPU
		{8F5FA0C5-8329-CE40-779E-BB8E77DDA387}.Release|Any CPU.Build.0 = Release|Any CPU
		{8765327C-53F7-9CEE-4F35-1859B92BA21D}.Debug|Any CPU.ActiveCfg = Debug|Any CPU
		{8765327C-53F7-9CEE-4F35-1859B92BA21D}.Debug|Any CPU.Build.0 = Debug|Any CPU
		{8765327C-53F7-9CEE-4F35-1859B92BA21D}.Release|Any CPU.ActiveCfg = Release|Any CPU
		{8765327C-53F7-9CEE-4F35-1859B92BA21D}.Release|Any CPU.Build.0 = Release|Any CPU
		{093A6EBE-B7BA-AF28-0107-241D4B2FEF66}.Debug|Any CPU.ActiveCfg = Debug|Any CPU
		{093A6EBE-B7BA-AF28-0107-241D4B2FEF66}.Debug|Any CPU.Build.0 = Debug|Any CPU
		{093A6EBE-B7BA-AF28-0107-241D4B2FEF66}.Release|Any CPU.ActiveCfg = Release|Any CPU
		{093A6EBE-B7BA-AF28-0107-241D4B2FEF66}.Release|Any CPU.Build.0 = Release|Any CPU
		{3B25AED9-F7B3-6681-3897-7471EC3F33DD}.Debug|Any CPU.ActiveCfg = Debug|Any CPU
		{3B25AED9-F7B3-6681-3897-7471EC3F33DD}.Debug|Any CPU.Build.0 = Debug|Any CPU
		{3B25AED9-F7B3-6681-3897-7471EC3F33DD}.Release|Any CPU.ActiveCfg = Release|Any CPU
		{3B25AED9-F7B3-6681-3897-7471EC3F33DD}.Release|Any CPU.Build.0 = Release|Any CPU
		{87847D4D-2928-6671-116D-B0A2EFE54D3A}.Debug|Any CPU.ActiveCfg = Debug|Any CPU
		{87847D4D-2928-6671-116D-B0A2EFE54D3A}.Debug|Any CPU.Build.0 = Debug|Any CPU
		{87847D4D-2928-6671-116D-B0A2EFE54D3A}.Release|Any CPU.ActiveCfg = Release|Any CPU
		{87847D4D-2928-6671-116D-B0A2EFE54D3A}.Release|Any CPU.Build.0 = Release|Any CPU
		{D7EFA7EF-499E-BFA5-D625-BFD980FB120B}.Debug|Any CPU.ActiveCfg = Debug|Any CPU
		{D7EFA7EF-499E-BFA5-D625-BFD980FB120B}.Debug|Any CPU.Build.0 = Debug|Any CPU
		{D7EFA7EF-499E-BFA5-D625-BFD980FB120B}.Release|Any CPU.ActiveCfg = Release|Any CPU
		{D7EFA7EF-499E-BFA5-D625-BFD980FB120B}.Release|Any CPU.Build.0 = Release|Any CPU
		{43724D97-60CD-6B89-0711-070B925DABE6}.Debug|Any CPU.ActiveCfg = Debug|Any CPU
		{43724D97-60CD-6B89-0711-070B925DABE6}.Debug|Any CPU.Build.0 = Debug|Any CPU
		{43724D97-60CD-6B89-0711-070B925DABE6}.Release|Any CPU.ActiveCfg = Release|Any CPU
		{43724D97-60CD-6B89-0711-070B925DABE6}.Release|Any CPU.Build.0 = Release|Any CPU
		{7265A1FF-5D44-C270-065A-AD8A8ADC9015}.Debug|Any CPU.ActiveCfg = Debug|Any CPU
		{7265A1FF-5D44-C270-065A-AD8A8ADC9015}.Debug|Any CPU.Build.0 = Debug|Any CPU
		{7265A1FF-5D44-C270-065A-AD8A8ADC9015}.Release|Any CPU.ActiveCfg = Release|Any CPU
		{7265A1FF-5D44-C270-065A-AD8A8ADC9015}.Release|Any CPU.Build.0 = Release|Any CPU
		{5050207A-236A-461F-5684-3A92043D5104}.Debug|Any CPU.ActiveCfg = Debug|Any CPU
		{5050207A-236A-461F-5684-3A92043D5104}.Debug|Any CPU.Build.0 = Debug|Any CPU
		{5050207A-236A-461F-5684-3A92043D5104}.Release|Any CPU.ActiveCfg = Release|Any CPU
		{5050207A-236A-461F-5684-3A92043D5104}.Release|Any CPU.Build.0 = Release|Any CPU
		{FDF96E32-FE0E-E5AC-6D4C-65816808E4DA}.Debug|Any CPU.ActiveCfg = Debug|Any CPU
		{FDF96E32-FE0E-E5AC-6D4C-65816808E4DA}.Debug|Any CPU.Build.0 = Debug|Any CPU
		{FDF96E32-FE0E-E5AC-6D4C-65816808E4DA}.Release|Any CPU.ActiveCfg = Release|Any CPU
		{FDF96E32-FE0E-E5AC-6D4C-65816808E4DA}.Release|Any CPU.Build.0 = Release|Any CPU
		{56893236-AD8C-9A19-91F0-BD53E46449EF}.Debug|Any CPU.ActiveCfg = Debug|Any CPU
		{56893236-AD8C-9A19-91F0-BD53E46449EF}.Debug|Any CPU.Build.0 = Debug|Any CPU
		{56893236-AD8C-9A19-91F0-BD53E46449EF}.Release|Any CPU.ActiveCfg = Release|Any CPU
		{56893236-AD8C-9A19-91F0-BD53E46449EF}.Release|Any CPU.Build.0 = Release|Any CPU
		{C956721E-74D6-3A14-0590-76485B1CDF9C}.Debug|Any CPU.ActiveCfg = Debug|Any CPU
		{C956721E-74D6-3A14-0590-76485B1CDF9C}.Debug|Any CPU.Build.0 = Debug|Any CPU
		{C956721E-74D6-3A14-0590-76485B1CDF9C}.Release|Any CPU.ActiveCfg = Release|Any CPU
		{C956721E-74D6-3A14-0590-76485B1CDF9C}.Release|Any CPU.Build.0 = Release|Any CPU
		{467D8FAE-D328-790B-6E6E-0FC47D3D941A}.Debug|Any CPU.ActiveCfg = Debug|Any CPU
		{467D8FAE-D328-790B-6E6E-0FC47D3D941A}.Debug|Any CPU.Build.0 = Debug|Any CPU
		{467D8FAE-D328-790B-6E6E-0FC47D3D941A}.Release|Any CPU.ActiveCfg = Release|Any CPU
		{467D8FAE-D328-790B-6E6E-0FC47D3D941A}.Release|Any CPU.Build.0 = Release|Any CPU
		{04ABEB17-5315-33B3-2E7F-B02D23D4E72F}.Debug|Any CPU.ActiveCfg = Debug|Any CPU
		{04ABEB17-5315-33B3-2E7F-B02D23D4E72F}.Debug|Any CPU.Build.0 = Debug|Any CPU
		{04ABEB17-5315-33B3-2E7F-B02D23D4E72F}.Release|Any CPU.ActiveCfg = Release|Any CPU
		{04ABEB17-5315-33B3-2E7F-B02D23D4E72F}.Release|Any CPU.Build.0 = Release|Any CPU
		{4C1D5BD9-29E0-10AA-A1E8-95982C5E2A08}.Debug|Any CPU.ActiveCfg = Debug|Any CPU
		{4C1D5BD9-29E0-10AA-A1E8-95982C5E2A08}.Debug|Any CPU.Build.0 = Debug|Any CPU
		{4C1D5BD9-29E0-10AA-A1E8-95982C5E2A08}.Release|Any CPU.ActiveCfg = Release|Any CPU
		{4C1D5BD9-29E0-10AA-A1E8-95982C5E2A08}.Release|Any CPU.Build.0 = Release|Any CPU
		{5AF704F8-0B41-98A3-5326-B57B35DBC028}.Debug|Any CPU.ActiveCfg = Debug|Any CPU
		{5AF704F8-0B41-98A3-5326-B57B35DBC028}.Debug|Any CPU.Build.0 = Debug|Any CPU
		{5AF704F8-0B41-98A3-5326-B57B35DBC028}.Release|Any CPU.ActiveCfg = Release|Any CPU
		{5AF704F8-0B41-98A3-5326-B57B35DBC028}.Release|Any CPU.Build.0 = Release|Any CPU
		{7DEA27FE-0C2B-98D0-2076-C8C038BE87FA}.Debug|Any CPU.ActiveCfg = Debug|Any CPU
		{7DEA27FE-0C2B-98D0-2076-C8C038BE87FA}.Debug|Any CPU.Build.0 = Debug|Any CPU
		{7DEA27FE-0C2B-98D0-2076-C8C038BE87FA}.Release|Any CPU.ActiveCfg = Release|Any CPU
		{7DEA27FE-0C2B-98D0-2076-C8C038BE87FA}.Release|Any CPU.Build.0 = Release|Any CPU
		{EB27A0A2-AF81-E765-66C5-8B8B02F7F24B}.Debug|Any CPU.ActiveCfg = Debug|Any CPU
		{EB27A0A2-AF81-E765-66C5-8B8B02F7F24B}.Debug|Any CPU.Build.0 = Debug|Any CPU
		{EB27A0A2-AF81-E765-66C5-8B8B02F7F24B}.Release|Any CPU.ActiveCfg = Release|Any CPU
		{EB27A0A2-AF81-E765-66C5-8B8B02F7F24B}.Release|Any CPU.Build.0 = Release|Any CPU
		{B65C7159-6144-6529-4C0A-11952B619EE3}.Debug|Any CPU.ActiveCfg = Debug|Any CPU
		{B65C7159-6144-6529-4C0A-11952B619EE3}.Debug|Any CPU.Build.0 = Debug|Any CPU
		{B65C7159-6144-6529-4C0A-11952B619EE3}.Release|Any CPU.ActiveCfg = Release|Any CPU
		{B65C7159-6144-6529-4C0A-11952B619EE3}.Release|Any CPU.Build.0 = Release|Any CPU
		{7524B7C3-037C-581E-D2E7-00D4A2B32461}.Debug|Any CPU.ActiveCfg = Debug|Any CPU
		{7524B7C3-037C-581E-D2E7-00D4A2B32461}.Debug|Any CPU.Build.0 = Debug|Any CPU
		{7524B7C3-037C-581E-D2E7-00D4A2B32461}.Release|Any CPU.ActiveCfg = Release|Any CPU
		{7524B7C3-037C-581E-D2E7-00D4A2B32461}.Release|Any CPU.Build.0 = Release|Any CPU
		{315FCB67-A7C9-DCD2-DA97-AB6ED05A5C2C}.Debug|Any CPU.ActiveCfg = Debug|Any CPU
		{315FCB67-A7C9-DCD2-DA97-AB6ED05A5C2C}.Debug|Any CPU.Build.0 = Debug|Any CPU
		{315FCB67-A7C9-DCD2-DA97-AB6ED05A5C2C}.Release|Any CPU.ActiveCfg = Release|Any CPU
		{315FCB67-A7C9-DCD2-DA97-AB6ED05A5C2C}.Release|Any CPU.Build.0 = Release|Any CPU
		{EF3EDB69-A899-4650-D9A0-50D4F83A38E4}.Debug|Any CPU.ActiveCfg = Debug|Any CPU
		{EF3EDB69-A899-4650-D9A0-50D4F83A38E4}.Debug|Any CPU.Build.0 = Debug|Any CPU
		{EF3EDB69-A899-4650-D9A0-50D4F83A38E4}.Release|Any CPU.ActiveCfg = Release|Any CPU
		{EF3EDB69-A899-4650-D9A0-50D4F83A38E4}.Release|Any CPU.Build.0 = Release|Any CPU
		{02DBE4E3-C083-B4DF-A4F7-007B67E1AA49}.Debug|Any CPU.ActiveCfg = Debug|Any CPU
		{02DBE4E3-C083-B4DF-A4F7-007B67E1AA49}.Debug|Any CPU.Build.0 = Debug|Any CPU
		{02DBE4E3-C083-B4DF-A4F7-007B67E1AA49}.Release|Any CPU.ActiveCfg = Release|Any CPU
		{02DBE4E3-C083-B4DF-A4F7-007B67E1AA49}.Release|Any CPU.Build.0 = Release|Any CPU
		{8CA813E2-BE33-2AFE-FD63-46257D792070}.Debug|Any CPU.ActiveCfg = Debug|Any CPU
		{8CA813E2-BE33-2AFE-FD63-46257D792070}.Debug|Any CPU.Build.0 = Debug|Any CPU
		{8CA813E2-BE33-2AFE-FD63-46257D792070}.Release|Any CPU.ActiveCfg = Release|Any CPU
		{8CA813E2-BE33-2AFE-FD63-46257D792070}.Release|Any CPU.Build.0 = Release|Any CPU
		{654B5766-6BFF-1651-7676-1D0DF910C5EC}.Debug|Any CPU.ActiveCfg = Debug|Any CPU
		{654B5766-6BFF-1651-7676-1D0DF910C5EC}.Debug|Any CPU.Build.0 = Debug|Any CPU
		{654B5766-6BFF-1651-7676-1D0DF910C5EC}.Release|Any CPU.ActiveCfg = Release|Any CPU
		{654B5766-6BFF-1651-7676-1D0DF910C5EC}.Release|Any CPU.Build.0 = Release|Any CPU
		{83FBDE2F-2AE1-9C77-10DB-1187A268BCF0}.Debug|Any CPU.ActiveCfg = Debug|Any CPU
		{83FBDE2F-2AE1-9C77-10DB-1187A268BCF0}.Debug|Any CPU.Build.0 = Debug|Any CPU
		{83FBDE2F-2AE1-9C77-10DB-1187A268BCF0}.Release|Any CPU.ActiveCfg = Release|Any CPU
		{83FBDE2F-2AE1-9C77-10DB-1187A268BCF0}.Release|Any CPU.Build.0 = Release|Any CPU
		{D8F50FB1-4B25-C79E-CF24-21CDC7CD509C}.Debug|Any CPU.ActiveCfg = Debug|Any CPU
		{D8F50FB1-4B25-C79E-CF24-21CDC7CD509C}.Debug|Any CPU.Build.0 = Debug|Any CPU
		{D8F50FB1-4B25-C79E-CF24-21CDC7CD509C}.Release|Any CPU.ActiveCfg = Release|Any CPU
		{D8F50FB1-4B25-C79E-CF24-21CDC7CD509C}.Release|Any CPU.Build.0 = Release|Any CPU
		{4A477701-E845-57F6-2860-D16B4B5FEB7D}.Debug|Any CPU.ActiveCfg = Debug|Any CPU
		{4A477701-E845-57F6-2860-D16B4B5FEB7D}.Debug|Any CPU.Build.0 = Debug|Any CPU
		{4A477701-E845-57F6-2860-D16B4B5FEB7D}.Release|Any CPU.ActiveCfg = Release|Any CPU
		{4A477701-E845-57F6-2860-D16B4B5FEB7D}.Release|Any CPU.Build.0 = Release|Any CPU
		{A6C951E1-348C-A0F2-88FF-FFBCC14AAE9E}.Debug|Any CPU.ActiveCfg = Debug|Any CPU
		{A6C951E1-348C-A0F2-88FF-FFBCC14AAE9E}.Debug|Any CPU.Build.0 = Debug|Any CPU
		{A6C951E1-348C-A0F2-88FF-FFBCC14AAE9E}.Release|Any CPU.ActiveCfg = Release|Any CPU
		{A6C951E1-348C-A0F2-88FF-FFBCC14AAE9E}.Release|Any CPU.Build.0 = Release|Any CPU
		{3C346085-4862-45F5-DD1D-59B4F96C5F47}.Debug|Any CPU.ActiveCfg = Debug|Any CPU
		{3C346085-4862-45F5-DD1D-59B4F96C5F47}.Debug|Any CPU.Build.0 = Debug|Any CPU
		{3C346085-4862-45F5-DD1D-59B4F96C5F47}.Release|Any CPU.ActiveCfg = Release|Any CPU
		{3C346085-4862-45F5-DD1D-59B4F96C5F47}.Release|Any CPU.Build.0 = Release|Any CPU
		{132B7ED6-3288-6B02-7E01-0C73A6209566}.Debug|Any CPU.ActiveCfg = Debug|Any CPU
		{132B7ED6-3288-6B02-7E01-0C73A6209566}.Debug|Any CPU.Build.0 = Debug|Any CPU
		{132B7ED6-3288-6B02-7E01-0C73A6209566}.Release|Any CPU.ActiveCfg = Release|Any CPU
		{132B7ED6-3288-6B02-7E01-0C73A6209566}.Release|Any CPU.Build.0 = Release|Any CPU
		{5B7E32CD-5CB9-E6EE-39D4-726093D5542F}.Debug|Any CPU.ActiveCfg = Debug|Any CPU
		{5B7E32CD-5CB9-E6EE-39D4-726093D5542F}.Debug|Any CPU.Build.0 = Debug|Any CPU
		{5B7E32CD-5CB9-E6EE-39D4-726093D5542F}.Release|Any CPU.ActiveCfg = Release|Any CPU
		{5B7E32CD-5CB9-E6EE-39D4-726093D5542F}.Release|Any CPU.Build.0 = Release|Any CPU
		{0D860219-2A81-7D66-188C-95671B0477FF}.Debug|Any CPU.ActiveCfg = Debug|Any CPU
		{0D860219-2A81-7D66-188C-95671B0477FF}.Debug|Any CPU.Build.0 = Debug|Any CPU
		{0D860219-2A81-7D66-188C-95671B0477FF}.Release|Any CPU.ActiveCfg = Release|Any CPU
		{0D860219-2A81-7D66-188C-95671B0477FF}.Release|Any CPU.Build.0 = Release|Any CPU
		{1C605934-C4E8-A02D-2038-16AA5DF06726}.Debug|Any CPU.ActiveCfg = Debug|Any CPU
		{1C605934-C4E8-A02D-2038-16AA5DF06726}.Debug|Any CPU.Build.0 = Debug|Any CPU
		{1C605934-C4E8-A02D-2038-16AA5DF06726}.Release|Any CPU.ActiveCfg = Release|Any CPU
		{1C605934-C4E8-A02D-2038-16AA5DF06726}.Release|Any CPU.Build.0 = Release|Any CPU
		{C3ED06B6-9CF3-09A2-10E2-4B1D38DF2B6B}.Debug|Any CPU.ActiveCfg = Debug|Any CPU
		{C3ED06B6-9CF3-09A2-10E2-4B1D38DF2B6B}.Debug|Any CPU.Build.0 = Debug|Any CPU
		{C3ED06B6-9CF3-09A2-10E2-4B1D38DF2B6B}.Release|Any CPU.ActiveCfg = Release|Any CPU
		{C3ED06B6-9CF3-09A2-10E2-4B1D38DF2B6B}.Release|Any CPU.Build.0 = Release|Any CPU
		{1EBAD9F7-740D-52C9-E1A8-A29048BB92EC}.Debug|Any CPU.ActiveCfg = Debug|Any CPU
		{1EBAD9F7-740D-52C9-E1A8-A29048BB92EC}.Debug|Any CPU.Build.0 = Debug|Any CPU
		{1EBAD9F7-740D-52C9-E1A8-A29048BB92EC}.Release|Any CPU.ActiveCfg = Release|Any CPU
		{1EBAD9F7-740D-52C9-E1A8-A29048BB92EC}.Release|Any CPU.Build.0 = Release|Any CPU
		{3D4E079F-8BE6-5302-CE67-75CF61B79789}.Debug|Any CPU.ActiveCfg = Debug|Any CPU
		{3D4E079F-8BE6-5302-CE67-75CF61B79789}.Debug|Any CPU.Build.0 = Debug|Any CPU
		{3D4E079F-8BE6-5302-CE67-75CF61B79789}.Release|Any CPU.ActiveCfg = Release|Any CPU
		{3D4E079F-8BE6-5302-CE67-75CF61B79789}.Release|Any CPU.Build.0 = Release|Any CPU
		{125AE906-2051-E8B1-BB76-8F01C4749A7F}.Debug|Any CPU.ActiveCfg = Debug|Any CPU
		{125AE906-2051-E8B1-BB76-8F01C4749A7F}.Debug|Any CPU.Build.0 = Debug|Any CPU
		{125AE906-2051-E8B1-BB76-8F01C4749A7F}.Release|Any CPU.ActiveCfg = Release|Any CPU
		{125AE906-2051-E8B1-BB76-8F01C4749A7F}.Release|Any CPU.Build.0 = Release|Any CPU
		{A5CBCB3A-260A-F46F-8201-4EEF1E5D95BF}.Debug|Any CPU.ActiveCfg = Debug|Any CPU
		{A5CBCB3A-260A-F46F-8201-4EEF1E5D95BF}.Debug|Any CPU.Build.0 = Debug|Any CPU
		{A5CBCB3A-260A-F46F-8201-4EEF1E5D95BF}.Release|Any CPU.ActiveCfg = Release|Any CPU
		{A5CBCB3A-260A-F46F-8201-4EEF1E5D95BF}.Release|Any CPU.Build.0 = Release|Any CPU
		{5C12ECF3-503B-ACEF-9AC2-7E1E9FA4D6FE}.Debug|Any CPU.ActiveCfg = Debug|Any CPU
		{5C12ECF3-503B-ACEF-9AC2-7E1E9FA4D6FE}.Debug|Any CPU.Build.0 = Debug|Any CPU
		{5C12ECF3-503B-ACEF-9AC2-7E1E9FA4D6FE}.Release|Any CPU.ActiveCfg = Release|Any CPU
		{5C12ECF3-503B-ACEF-9AC2-7E1E9FA4D6FE}.Release|Any CPU.Build.0 = Release|Any CPU
		{D921D6E6-2310-B711-7EF7-BFBD5B3F96D5}.Debug|Any CPU.ActiveCfg = Debug|Any CPU
		{D921D6E6-2310-B711-7EF7-BFBD5B3F96D5}.Debug|Any CPU.Build.0 = Debug|Any CPU
		{D921D6E6-2310-B711-7EF7-BFBD5B3F96D5}.Release|Any CPU.ActiveCfg = Release|Any CPU
		{D921D6E6-2310-B711-7EF7-BFBD5B3F96D5}.Release|Any CPU.Build.0 = Release|Any CPU
		{CEA667F9-BE2B-04D4-C642-DCB88F337FD8}.Debug|Any CPU.ActiveCfg = Debug|Any CPU
		{CEA667F9-BE2B-04D4-C642-DCB88F337FD8}.Debug|Any CPU.Build.0 = Debug|Any CPU
		{CEA667F9-BE2B-04D4-C642-DCB88F337FD8}.Release|Any CPU.ActiveCfg = Release|Any CPU
		{CEA667F9-BE2B-04D4-C642-DCB88F337FD8}.Release|Any CPU.Build.0 = Release|Any CPU
		{864E46D1-F12C-6AA6-222D-198962629A2C}.Debug|Any CPU.ActiveCfg = Debug|Any CPU
		{864E46D1-F12C-6AA6-222D-198962629A2C}.Debug|Any CPU.Build.0 = Debug|Any CPU
		{864E46D1-F12C-6AA6-222D-198962629A2C}.Release|Any CPU.ActiveCfg = Release|Any CPU
		{864E46D1-F12C-6AA6-222D-198962629A2C}.Release|Any CPU.Build.0 = Release|Any CPU
		{6DBFA23A-353B-027A-2514-0EEE9CFB3D6F}.Debug|Any CPU.ActiveCfg = Debug|Any CPU
		{6DBFA23A-353B-027A-2514-0EEE9CFB3D6F}.Debug|Any CPU.Build.0 = Debug|Any CPU
		{6DBFA23A-353B-027A-2514-0EEE9CFB3D6F}.Release|Any CPU.ActiveCfg = Release|Any CPU
		{6DBFA23A-353B-027A-2514-0EEE9CFB3D6F}.Release|Any CPU.Build.0 = Release|Any CPU
	EndGlobalSection
	GlobalSection(SolutionProperties) = preSolution
		HideSolutionNode = FALSE
	EndGlobalSection
EndGlobal
